
Microsoft Visual Studio Solution File, Format Version 12.00
# Visual Studio Version 16
VisualStudioVersion = 16.0.30114.105
MinimumVisualStudioVersion = 10.0.40219.1
Project("{FAE04EC0-301F-11D3-BF4B-00C04F79EFBC}") = "WindowsServiceCheck", "WindowsServiceCheck\WindowsServiceCheck.csproj", "{8A2AD151-74B5-4407-B038-1C2D45F52DC5}"
EndProject
Global
	GlobalSection(SolutionConfigurationPlatforms) = preSolution
		Debug|Any CPU = Debug|Any CPU
		Release|Any CPU = Release|Any CPU
	EndGlobalSection
	GlobalSection(ProjectConfigurationPlatforms) = postSolution
		{8A2AD151-74B5-4407-B038-1C2D45F52DC5}.Debug|Any CPU.ActiveCfg = Debug|Any CPU
		{8A2AD151-74B5-4407-B038-1C2D45F52DC5}.Debug|Any CPU.Build.0 = Debug|Any CPU
		{8A2AD151-74B5-4407-B038-1C2D45F52DC5}.Release|Any CPU.ActiveCfg = Release|Any CPU
		{8A2AD151-74B5-4407-B038-1C2D45F52DC5}.Release|Any CPU.Build.0 = Release|Any CPU
	EndGlobalSection
	GlobalSection(SolutionProperties) = preSolution
		HideSolutionNode = FALSE
	EndGlobalSection
	GlobalSection(ExtensibilityGlobals) = postSolution
		SolutionGuid = {4763C487-2210-46D8-B60D-65793E5885C7}
	EndGlobalSection
EndGlobal
